
Microsoft Visual Studio Solution File, Format Version 12.00
# Visual Studio 15
VisualStudioVersion = 15.0.27703.2035
MinimumVisualStudioVersion = 10.0.40219.1
Project("{FAE04EC0-301F-11D3-BF4B-00C04F79EFBC}") = "Open.Google", "Open.Google\Open.Google.csproj", "{99CD2B0C-02FF-4416-BF6F-755BAB9DE794}"
EndProject
Global
	GlobalSection(SolutionConfigurationPlatforms) = preSolution
		Debug|Any CPU = Debug|Any CPU
		Release|Any CPU = Release|Any CPU
	EndGlobalSection
	GlobalSection(ProjectConfigurationPlatforms) = postSolution
		{99CD2B0C-02FF-4416-BF6F-755BAB9DE794}.Debug|Any CPU.ActiveCfg = Debug|Any CPU
		{99CD2B0C-02FF-4416-BF6F-755BAB9DE794}.Debug|Any CPU.Build.0 = Debug|Any CPU
		{99CD2B0C-02FF-4416-BF6F-755BAB9DE794}.Release|Any CPU.ActiveCfg = Release|Any CPU
		{99CD2B0C-02FF-4416-BF6F-755BAB9DE794}.Release|Any CPU.Build.0 = Release|Any CPU
	EndGlobalSection
	GlobalSection(SolutionProperties) = preSolution
		HideSolutionNode = FALSE
	EndGlobalSection
	GlobalSection(ExtensibilityGlobals) = postSolution
		SolutionGuid = {812BB893-227C-455E-8BF7-721FFEBF0F4F}
	EndGlobalSection
EndGlobal
